
Microsoft Visual Studio Solution File, Format Version 12.00
# Visual Studio Version 17
VisualStudioVersion = 17.9.34622.214
MinimumVisualStudioVersion = 10.0.40219.1
Project("{9A19103F-16F7-4668-BE54-9A1E7A4F7556}") = "DOTNETCOREProject", "DOTNETCOREProject\DOTNETCOREProject.csproj", "{FF156F89-509A-4F05-BDA6-E4E21C0D0262}"
EndProject
Project("{9A19103F-16F7-4668-BE54-9A1E7A4F7556}") = "DOTNETCORERazor_Temp", "DOTNETCORERazor_Temp\DOTNETCORERazor_Temp.csproj", "{07B21F6A-139C-4EB3-9ECA-11F30F029EC4}"
EndProject
Project("{FAE04EC0-301F-11D3-BF4B-00C04F79EFBC}") = "DOTNETCOREProject.DataAccess", "DOTNETCOREProject.DataAccess\DOTNETCOREProject.DataAccess.csproj", "{3A0E7E18-C698-4FC8-A212-FD9595F25E9E}"
EndProject
Project("{FAE04EC0-301F-11D3-BF4B-00C04F79EFBC}") = "DOTNETCOREProject.Models", "DOTNETCOREProject.Models\DOTNETCOREProject.Models.csproj", "{C6C8283E-F2C8-4A7E-86A2-D95C646CC5A8}"
EndProject
Project("{FAE04EC0-301F-11D3-BF4B-00C04F79EFBC}") = "DOTNETCOREProject.Utility", "DOTNETCOREProject.Utility\DOTNETCOREProject.Utility.csproj", "{669ED0A6-B17A-4773-BC33-99E1F41B4E9E}"
EndProject
Global
	GlobalSection(SolutionConfigurationPlatforms) = preSolution
		Debug|Any CPU = Debug|Any CPU
		Release|Any CPU = Release|Any CPU
	EndGlobalSection
	GlobalSection(ProjectConfigurationPlatforms) = postSolution
		{FF156F89-509A-4F05-BDA6-E4E21C0D0262}.Debug|Any CPU.ActiveCfg = Debug|Any CPU
		{FF156F89-509A-4F05-BDA6-E4E21C0D0262}.Debug|Any CPU.Build.0 = Debug|Any CPU
		{FF156F89-509A-4F05-BDA6-E4E21C0D0262}.Release|Any CPU.ActiveCfg = Release|Any CPU
		{FF156F89-509A-4F05-BDA6-E4E21C0D0262}.Release|Any CPU.Build.0 = Release|Any CPU
		{07B21F6A-139C-4EB3-9ECA-11F30F029EC4}.Debug|Any CPU.ActiveCfg = Debug|Any CPU
		{07B21F6A-139C-4EB3-9ECA-11F30F029EC4}.Debug|Any CPU.Build.0 = Debug|Any CPU
		{07B21F6A-139C-4EB3-9ECA-11F30F029EC4}.Release|Any CPU.ActiveCfg = Release|Any CPU
		{07B21F6A-139C-4EB3-9ECA-11F30F029EC4}.Release|Any CPU.Build.0 = Release|Any CPU
		{3A0E7E18-C698-4FC8-A212-FD9595F25E9E}.Debug|Any CPU.ActiveCfg = Debug|Any CPU
		{3A0E7E18-C698-4FC8-A212-FD9595F25E9E}.Debug|Any CPU.Build.0 = Debug|Any CPU
		{3A0E7E18-C698-4FC8-A212-FD9595F25E9E}.Release|Any CPU.ActiveCfg = Release|Any CPU
		{3A0E7E18-C698-4FC8-A212-FD9595F25E9E}.Release|Any CPU.Build.0 = Release|Any CPU
		{C6C8283E-F2C8-4A7E-86A2-D95C646CC5A8}.Debug|Any CPU.ActiveCfg = Debug|Any CPU
		{C6C8283E-F2C8-4A7E-86A2-D95C646CC5A8}.Debug|Any CPU.Build.0 = Debug|Any CPU
		{C6C8283E-F2C8-4A7E-86A2-D95C646CC5A8}.Release|Any CPU.ActiveCfg = Release|Any CPU
		{C6C8283E-F2C8-4A7E-86A2-D95C646CC5A8}.Release|Any CPU.Build.0 = Release|Any CPU
		{669ED0A6-B17A-4773-BC33-99E1F41B4E9E}.Debug|Any CPU.ActiveCfg = Debug|Any CPU
		{669ED0A6-B17A-4773-BC33-99E1F41B4E9E}.Debug|Any CPU.Build.0 = Debug|Any CPU
		{669ED0A6-B17A-4773-BC33-99E1F41B4E9E}.Release|Any CPU.ActiveCfg = Release|Any CPU
		{669ED0A6-B17A-4773-BC33-99E1F41B4E9E}.Release|Any CPU.Build.0 = Release|Any CPU
	EndGlobalSection
	GlobalSection(SolutionProperties) = preSolution
		HideSolutionNode = FALSE
	EndGlobalSection
	GlobalSection(ExtensibilityGlobals) = postSolution
		SolutionGuid = {7E692193-5128-4D6B-AEF2-237A7EBC6842}
	EndGlobalSection
EndGlobal
